
Microsoft Visual Studio Solution File, Format Version 12.00
# Visual Studio Version 17
VisualStudioVersion = 17.9.34902.65
MinimumVisualStudioVersion = 10.0.40219.1
Project("{8BC9CEB8-8B4A-11D0-8D11-00A0C91BC942}") = "PCGToVST", "PCGToVST.vcxproj", "{ADFED5DB-A327-4D18-AFEB-33C44319C028}"
EndProject
Project("{8BC9CEB8-8B4A-11D0-8D11-00A0C91BC942}") = "QtApp", "QtApp.vcxproj", "{9C37314E-5147-4495-979A-78ABFD0EA5FC}"
EndProject
Global
	GlobalSection(SolutionConfigurationPlatforms) = preSolution
		Debug|x64 = Debug|x64
		Debug|x86 = Debug|x86
		Release|x64 = Release|x64
		Release|x86 = Release|x86
	EndGlobalSection
	GlobalSection(ProjectConfigurationPlatforms) = postSolution
		{ADFED5DB-A327-4D18-AFEB-33C44319C028}.Debug|x64.ActiveCfg = Debug|x64
		{ADFED5DB-A327-4D18-AFEB-33C44319C028}.Debug|x64.Build.0 = Debug|x64
		{ADFED5DB-A327-4D18-AFEB-33C44319C028}.Debug|x86.ActiveCfg = Debug|Win32
		{ADFED5DB-A327-4D18-AFEB-33C44319C028}.Debug|x86.Build.0 = Debug|Win32
		{ADFED5DB-A327-4D18-AFEB-33C44319C028}.Release|x64.ActiveCfg = Release|x64
		{ADFED5DB-A327-4D18-AFEB-33C44319C028}.Release|x64.Build.0 = Release|x64
		{ADFED5DB-A327-4D18-AFEB-33C44319C028}.Release|x86.ActiveCfg = Release|Win32
		{ADFED5DB-A327-4D18-AFEB-33C44319C028}.Release|x86.Build.0 = Release|Win32
		{9C37314E-5147-4495-979A-78ABFD0EA5FC}.Debug|x64.ActiveCfg = Debug|x64
		{9C37314E-5147-4495-979A-78ABFD0EA5FC}.Debug|x64.Build.0 = Debug|x64
		{9C37314E-5147-4495-979A-78ABFD0EA5FC}.Debug|x86.ActiveCfg = Debug|x64
		{9C37314E-5147-4495-979A-78ABFD0EA5FC}.Debug|x86.Build.0 = Debug|x64
		{9C37314E-5147-4495-979A-78ABFD0EA5FC}.Release|x64.ActiveCfg = Release|x64
		{9C37314E-5147-4495-979A-78ABFD0EA5FC}.Release|x64.Build.0 = Release|x64
		{9C37314E-5147-4495-979A-78ABFD0EA5FC}.Release|x86.ActiveCfg = Release|x64
		{9C37314E-5147-4495-979A-78ABFD0EA5FC}.Release|x86.Build.0 = Release|x64
	EndGlobalSection
	GlobalSection(SolutionProperties) = preSolution
		HideSolutionNode = FALSE
	EndGlobalSection
	GlobalSection(ExtensibilityGlobals) = postSolution
		SolutionGuid = {D0861A7D-DB6A-4154-909B-4CA5897B9012}
	EndGlobalSection
EndGlobal
